
Microsoft Visual Studio Solution File, Format Version 12.00
# Visual Studio Version 16
VisualStudioVersion = 16.0.31205.134
MinimumVisualStudioVersion = 10.0.40219.1
Project("{FAE04EC0-301F-11D3-BF4B-00C04F79EFBC}") = "Help", "Help\Help.csproj", "{4D4CC652-1AAF-4DCC-A1E9-164AD44C4764}"
EndProject
Global
	GlobalSection(SolutionConfigurationPlatforms) = preSolution
		Debug|Any CPU = Debug|Any CPU
		Release|Any CPU = Release|Any CPU
	EndGlobalSection
	GlobalSection(ProjectConfigurationPlatforms) = postSolution
		{4D4CC652-1AAF-4DCC-A1E9-164AD44C4764}.Debug|Any CPU.ActiveCfg = Debug|Any CPU
		{4D4CC652-1AAF-4DCC-A1E9-164AD44C4764}.Debug|Any CPU.Build.0 = Debug|Any CPU
		{4D4CC652-1AAF-4DCC-A1E9-164AD44C4764}.Release|Any CPU.ActiveCfg = Release|Any CPU
		{4D4CC652-1AAF-4DCC-A1E9-164AD44C4764}.Release|Any CPU.Build.0 = Release|Any CPU
	EndGlobalSection
	GlobalSection(SolutionProperties) = preSolution
		HideSolutionNode = FALSE
	EndGlobalSection
	GlobalSection(ExtensibilityGlobals) = postSolution
		SolutionGuid = {21EFE38D-AA4C-4F0C-BC58-D450CC229D03}
	EndGlobalSection
EndGlobal
